
Microsoft Visual Studio Solution File, Format Version 12.00
# Visual Studio Version 16
VisualStudioVersion = 16.0.33328.57
MinimumVisualStudioVersion = 10.0.40219.1
Project("{FAE04EC0-301F-11D3-BF4B-00C04F79EFBC}") = "Clases_Lean", "Clases_Lean\Clases_Lean.csproj", "{2299161F-409B-41E5-A4C3-026C76D70584}"
EndProject
Global
	GlobalSection(SolutionConfigurationPlatforms) = preSolution
		Debug|Any CPU = Debug|Any CPU
		Release|Any CPU = Release|Any CPU
	EndGlobalSection
	GlobalSection(ProjectConfigurationPlatforms) = postSolution
		{2299161F-409B-41E5-A4C3-026C76D70584}.Debug|Any CPU.ActiveCfg = Debug|Any CPU
		{2299161F-409B-41E5-A4C3-026C76D70584}.Debug|Any CPU.Build.0 = Debug|Any CPU
		{2299161F-409B-41E5-A4C3-026C76D70584}.Release|Any CPU.ActiveCfg = Release|Any CPU
		{2299161F-409B-41E5-A4C3-026C76D70584}.Release|Any CPU.Build.0 = Release|Any CPU
	EndGlobalSection
	GlobalSection(SolutionProperties) = preSolution
		HideSolutionNode = FALSE
	EndGlobalSection
	GlobalSection(ExtensibilityGlobals) = postSolution
		SolutionGuid = {D5561654-9BCF-42A9-96FF-858ED3D9432D}
	EndGlobalSection
EndGlobal
